
Microsoft Visual Studio Solution File, Format Version 12.00
# Visual Studio 15
VisualStudioVersion = 15.0.27130.2036
MinimumVisualStudioVersion = 10.0.40219.1
Project("{9A19103F-16F7-4668-BE54-9A1E7A4F7556}") = "DynamicSectionsDemo", "DynamicSectionsDemo.csproj", "{24499E12-0981-4E93-B6B6-AD25DD14BC9F}"
EndProject
Project("{9A19103F-16F7-4668-BE54-9A1E7A4F7556}") = "DynamicSections", "..\..\src\DynamicSections\DynamicSections.csproj", "{94785840-6E2B-4BF8-B861-6B2F2E92544D}"
EndProject
Project("{9A19103F-16F7-4668-BE54-9A1E7A4F7556}") = "DynamicSections.Tests", "..\..\src\DynamicSections.Tests\DynamicSections.Tests.csproj", "{F5B377D5-9D8D-4785-843F-AD5F8F7806BA}"
EndProject
Project("{2150E333-8FDC-42A3-9474-1A3956D46DE8}") = "Solution Items", "Solution Items", "{A4850219-7B35-426F-A9D0-6A8E0AB68676}"
	ProjectSection(SolutionItems) = preProject
		..\..\Readme.md = ..\..\Readme.md
	EndProjectSection
EndProject
Global
	GlobalSection(SolutionConfigurationPlatforms) = preSolution
		Debug|Any CPU = Debug|Any CPU
		Release|Any CPU = Release|Any CPU
	EndGlobalSection
	GlobalSection(ProjectConfigurationPlatforms) = postSolution
		{24499E12-0981-4E93-B6B6-AD25DD14BC9F}.Debug|Any CPU.ActiveCfg = Debug|Any CPU
		{24499E12-0981-4E93-B6B6-AD25DD14BC9F}.Debug|Any CPU.Build.0 = Debug|Any CPU
		{24499E12-0981-4E93-B6B6-AD25DD14BC9F}.Release|Any CPU.ActiveCfg = Release|Any CPU
		{24499E12-0981-4E93-B6B6-AD25DD14BC9F}.Release|Any CPU.Build.0 = Release|Any CPU
		{94785840-6E2B-4BF8-B861-6B2F2E92544D}.Debug|Any CPU.ActiveCfg = Debug|Any CPU
		{94785840-6E2B-4BF8-B861-6B2F2E92544D}.Debug|Any CPU.Build.0 = Debug|Any CPU
		{94785840-6E2B-4BF8-B861-6B2F2E92544D}.Release|Any CPU.ActiveCfg = Release|Any CPU
		{94785840-6E2B-4BF8-B861-6B2F2E92544D}.Release|Any CPU.Build.0 = Release|Any CPU
		{F5B377D5-9D8D-4785-843F-AD5F8F7806BA}.Debug|Any CPU.ActiveCfg = Debug|Any CPU
		{F5B377D5-9D8D-4785-843F-AD5F8F7806BA}.Debug|Any CPU.Build.0 = Debug|Any CPU
		{F5B377D5-9D8D-4785-843F-AD5F8F7806BA}.Release|Any CPU.ActiveCfg = Release|Any CPU
		{F5B377D5-9D8D-4785-843F-AD5F8F7806BA}.Release|Any CPU.Build.0 = Release|Any CPU
	EndGlobalSection
	GlobalSection(SolutionProperties) = preSolution
		HideSolutionNode = FALSE
	EndGlobalSection
	GlobalSection(ExtensibilityGlobals) = postSolution
		SolutionGuid = {4838C5BE-EF5E-4F3C-9DE3-7A5E26DE408E}
	EndGlobalSection
EndGlobal
